{
  "lockfileVersion": 1,
  "configVersion": 1,
  "workspaces": {
    "": {
      "name": "@fairylights-studio/navigation-rail",
      "dependencies": {
        "tslib": "^2.3.0",
      },
      "peerDependencies": {
        "@angular/cdk": "^21",
        "@angular/common": "^21.2.0",
        "@angular/core": "^21.2.0",
        "@angular/material": "^21",
      },
    },
  },
  "packages": {
    "@angular/cdk": ["@angular/cdk@21.2.5", "", { "dependencies": { "parse5": "^8.0.0", "tslib": "^2.3.0" }, "peerDependencies": { "@angular/common": "^21.0.0 || ^22.0.0", "@angular/core": "^21.0.0 || ^22.0.0", "@angular/platform-browser": "^21.0.0 || ^22.0.0", "rxjs": "^6.5.3 || ^7.4.0" } }, "sha512-F1sVqMAGYoiJNYYaR2cerqTo7IqpxQ3ZtMDxR3rtB0rSSd5UPOIQoqpsfSd6uH8FVnuzKaBII8Mg6YrjClFsng=="],

    "@angular/common": ["@angular/common@21.2.7", "", { "dependencies": { "tslib": "^2.3.0" }, "peerDependencies": { "@angular/core": "21.2.7", "rxjs": "^6.5.3 || ^7.4.0" } }, "sha512-YFdnU5z8JloJjLYa52OyCOULQhqEE/ym7vKfABySWDsiVXZr9FNmKMeZi/lUcg7ZO22UbBihqW9a9D6VSHOo+g=="],

    "@angular/core": ["@angular/core@21.2.7", "", { "dependencies": { "tslib": "^2.3.0" }, "peerDependencies": { "@angular/compiler": "21.2.7", "rxjs": "^6.5.3 || ^7.4.0", "zone.js": "~0.15.0 || ~0.16.0" }, "optionalPeers": ["@angular/compiler", "zone.js"] }, "sha512-4bnskeRNNOZMn3buVw47Zz9Py4B8AZgYHe5xBEMOY5/yrldb7OFje5gWCWls23P18FKwhl+Xx1hgnOEPSs29gw=="],

    "@angular/forms": ["@angular/forms@21.2.7", "", { "dependencies": { "@standard-schema/spec": "^1.0.0", "tslib": "^2.3.0" }, "peerDependencies": { "@angular/common": "21.2.7", "@angular/core": "21.2.7", "@angular/platform-browser": "21.2.7", "rxjs": "^6.5.3 || ^7.4.0" } }, "sha512-YD/h07cdEeAUs41ysTk6820T0lG/XiQmFiq02d3IsiHYI5Vaj2pg9Ti1wWZYEBM//hVAPTzV0dwdV7Q1Gxju1w=="],

    "@angular/material": ["@angular/material@21.2.5", "", { "dependencies": { "tslib": "^2.3.0" }, "peerDependencies": { "@angular/cdk": "21.2.5", "@angular/common": "^21.0.0 || ^22.0.0", "@angular/core": "^21.0.0 || ^22.0.0", "@angular/forms": "^21.0.0 || ^22.0.0", "@angular/platform-browser": "^21.0.0 || ^22.0.0", "rxjs": "^6.5.3 || ^7.4.0" } }, "sha512-hSil2QUKObjF73EbhUEA5xAZx0/o9r/AFrkRsxa2z9e11jSjlKJHrYuY1tMIFv3SpzK33EYf58IXOBJVwt0iIw=="],

    "@angular/platform-browser": ["@angular/platform-browser@21.2.7", "", { "dependencies": { "tslib": "^2.3.0" }, "peerDependencies": { "@angular/animations": "21.2.7", "@angular/common": "21.2.7", "@angular/core": "21.2.7" }, "optionalPeers": ["@angular/animations"] }, "sha512-nklVhstRZL4wpYg9Cyae/Eyfa7LMpgb0TyD/F//qCuohhM8nM7F+O0ekykGD6H+I34jsvqx6yLS7MicndWVz7Q=="],

    "@standard-schema/spec": ["@standard-schema/spec@1.1.0", "", {}, "sha512-l2aFy5jALhniG5HgqrD6jXLi/rUWrKvqN/qJx6yoJsgKhblVd+iqqU4RCXavm/jPityDo5TCvKMnpjKnOriy0w=="],

    "entities": ["entities@6.0.1", "", {}, "sha512-aN97NXWF6AWBTahfVOIrB/NShkzi5H7F9r1s9mD3cDj4Ko5f2qhhVoYMibXF7GlLveb/D2ioWay8lxI97Ven3g=="],

    "parse5": ["parse5@8.0.0", "", { "dependencies": { "entities": "^6.0.0" } }, "sha512-9m4m5GSgXjL4AjumKzq1Fgfp3Z8rsvjRNbnkVwfu2ImRqE5D0LnY2QfDen18FSY9C573YU5XxSapdHZTZ2WolA=="],

    "rxjs": ["rxjs@7.8.2", "", { "dependencies": { "tslib": "^2.1.0" } }, "sha512-dhKf903U/PQZY6boNNtAGdWbG85WAbjT/1xYoZIC7FAY0yWapOBQVsVrDl58W86//e1VpMNBtRV4MaXfdMySFA=="],

    "tslib": ["tslib@2.8.1", "", {}, "sha512-oJFu94HQb+KVduSUQL7wnpmqnfmLsOA/nAh6b6EH0wCEoK0/mPeXU6c3wKDV83MkOuHPRHtSXKKU99IBazS/2w=="],
  }
}
